
Microsoft Visual Studio Solution File, Format Version 12.00
# Visual Studio Version 17
VisualStudioVersion = 17.5.002.0
MinimumVisualStudioVersion = 10.0.40219.1
Project("{2150E333-8FDC-42A3-9474-1A3956D46DE8}") = "BaiThi", "BaiThi", "{F6038DE1-E276-4D7A-AEA4-785CE5221551}"
EndProject
Project("{9A19103F-16F7-4668-BE54-9A1E7A4F7556}") = "MyMvcApp", "BaiThi\MyMvcApp\MyMvcApp.csproj", "{CFD39A9F-4C70-4353-B793-0539E28885F7}"
EndProject
Global
	GlobalSection(SolutionConfigurationPlatforms) = preSolution
		Debug|Any CPU = Debug|Any CPU
		Release|Any CPU = Release|Any CPU
	EndGlobalSection
	GlobalSection(ProjectConfigurationPlatforms) = postSolution
		{CFD39A9F-4C70-4353-B793-0539E28885F7}.Debug|Any CPU.ActiveCfg = Debug|Any CPU
		{CFD39A9F-4C70-4353-B793-0539E28885F7}.Debug|Any CPU.Build.0 = Debug|Any CPU
		{CFD39A9F-4C70-4353-B793-0539E28885F7}.Release|Any CPU.ActiveCfg = Release|Any CPU
		{CFD39A9F-4C70-4353-B793-0539E28885F7}.Release|Any CPU.Build.0 = Release|Any CPU
	EndGlobalSection
	GlobalSection(SolutionProperties) = preSolution
		HideSolutionNode = FALSE
	EndGlobalSection
	GlobalSection(NestedProjects) = preSolution
		{CFD39A9F-4C70-4353-B793-0539E28885F7} = {F6038DE1-E276-4D7A-AEA4-785CE5221551}
	EndGlobalSection
	GlobalSection(ExtensibilityGlobals) = postSolution
		SolutionGuid = {0ABF0B6A-D7CD-402F-9BBF-A70D2C1770CC}
	EndGlobalSection
EndGlobal
